
Microsoft Visual Studio Solution File, Format Version 12.00
# Visual Studio Version 16
VisualStudioVersion = 16.0.30011.22
MinimumVisualStudioVersion = 10.0.40219.1
Project("{888888A0-9F3D-457C-B088-3A5042F75D52}") = "LuckyTicket", "LuckyTicket.pyproj", "{3C382C48-7F7C-4101-8397-05D6FEEBEA33}"
EndProject
Global
	GlobalSection(SolutionConfigurationPlatforms) = preSolution
		Debug|Any CPU = Debug|Any CPU
		Release|Any CPU = Release|Any CPU
	EndGlobalSection
	GlobalSection(ProjectConfigurationPlatforms) = postSolution
		{3C382C48-7F7C-4101-8397-05D6FEEBEA33}.Debug|Any CPU.ActiveCfg = Debug|Any CPU
		{3C382C48-7F7C-4101-8397-05D6FEEBEA33}.Release|Any CPU.ActiveCfg = Release|Any CPU
	EndGlobalSection
	GlobalSection(SolutionProperties) = preSolution
		HideSolutionNode = FALSE
	EndGlobalSection
	GlobalSection(ExtensibilityGlobals) = postSolution
		SolutionGuid = {34FCCB47-FF9A-4EDD-B727-EF70D1A562B9}
	EndGlobalSection
EndGlobal
